
Microsoft Visual Studio Solution File, Format Version 12.00
# Visual Studio Version 17
VisualStudioVersion = 17.8.34309.116
MinimumVisualStudioVersion = 10.0.40219.1
Project("{FAE04EC0-301F-11D3-BF4B-00C04F79EFBC}") = "Examen_system_", "Examen_system_\Examen_system_.csproj", "{19490350-ABAA-4EB2-B825-93FAF69DAD60}"
EndProject
Global
	GlobalSection(SolutionConfigurationPlatforms) = preSolution
		Debug|Any CPU = Debug|Any CPU
		Release|Any CPU = Release|Any CPU
	EndGlobalSection
	GlobalSection(ProjectConfigurationPlatforms) = postSolution
		{19490350-ABAA-4EB2-B825-93FAF69DAD60}.Debug|Any CPU.ActiveCfg = Debug|Any CPU
		{19490350-ABAA-4EB2-B825-93FAF69DAD60}.Debug|Any CPU.Build.0 = Debug|Any CPU
		{19490350-ABAA-4EB2-B825-93FAF69DAD60}.Release|Any CPU.ActiveCfg = Release|Any CPU
		{19490350-ABAA-4EB2-B825-93FAF69DAD60}.Release|Any CPU.Build.0 = Release|Any CPU
	EndGlobalSection
	GlobalSection(SolutionProperties) = preSolution
		HideSolutionNode = FALSE
	EndGlobalSection
	GlobalSection(ExtensibilityGlobals) = postSolution
		SolutionGuid = {6EE148AE-01AE-4CD1-8A55-66C6F46A5820}
	EndGlobalSection
EndGlobal
